
Microsoft Visual Studio Solution File, Format Version 12.00
# Visual Studio Version 17
VisualStudioVersion = 17.13.35919.96 d17.13
MinimumVisualStudioVersion = 10.0.40219.1
Project("{888888A0-9F3D-457C-B088-3A5042F75D52}") = "Pulse", "Pulse\Pulse.pyproj", "{CA9246D5-BFEF-44EB-AAFE-CA3A0FAE6BBA}"
EndProject
Global
	GlobalSection(SolutionConfigurationPlatforms) = preSolution
		Debug|Any CPU = Debug|Any CPU
		Release|Any CPU = Release|Any CPU
	EndGlobalSection
	GlobalSection(ProjectConfigurationPlatforms) = postSolution
		{CA9246D5-BFEF-44EB-AAFE-CA3A0FAE6BBA}.Debug|Any CPU.ActiveCfg = Debug|Any CPU
		{CA9246D5-BFEF-44EB-AAFE-CA3A0FAE6BBA}.Release|Any CPU.ActiveCfg = Release|Any CPU
	EndGlobalSection
	GlobalSection(SolutionProperties) = preSolution
		HideSolutionNode = FALSE
	EndGlobalSection
	GlobalSection(ExtensibilityGlobals) = postSolution
		SolutionGuid = {C34FB4CC-E446-4A38-861D-A49EC4401D07}
	EndGlobalSection
EndGlobal
